
Microsoft Visual Studio Solution File, Format Version 12.00
# Visual Studio 15
VisualStudioVersion = 15.0.27428.2037
MinimumVisualStudioVersion = 10.0.40219.1
Project("{FAE04EC0-301F-11D3-BF4B-00C04F79EFBC}") = "AnimalSanctuary", "AnimalSanctuary\AnimalSanctuary.csproj", "{3CE536ED-01C3-4F2D-A8F4-43CFE5EDA2C3}"
EndProject
Project("{FAE04EC0-301F-11D3-BF4B-00C04F79EFBC}") = "AnimalSanctuaryTests", "AnimalSanctuaryTests\AnimalSanctuaryTests.csproj", "{28147722-EE5B-49A3-BD5E-7564B4D935CE}"
EndProject
Global
	GlobalSection(SolutionConfigurationPlatforms) = preSolution
		Debug|Any CPU = Debug|Any CPU
		Release|Any CPU = Release|Any CPU
	EndGlobalSection
	GlobalSection(ProjectConfigurationPlatforms) = postSolution
		{3CE536ED-01C3-4F2D-A8F4-43CFE5EDA2C3}.Debug|Any CPU.ActiveCfg = Debug|Any CPU
		{3CE536ED-01C3-4F2D-A8F4-43CFE5EDA2C3}.Debug|Any CPU.Build.0 = Debug|Any CPU
		{3CE536ED-01C3-4F2D-A8F4-43CFE5EDA2C3}.Release|Any CPU.ActiveCfg = Release|Any CPU
		{3CE536ED-01C3-4F2D-A8F4-43CFE5EDA2C3}.Release|Any CPU.Build.0 = Release|Any CPU
		{28147722-EE5B-49A3-BD5E-7564B4D935CE}.Debug|Any CPU.ActiveCfg = Debug|Any CPU
		{28147722-EE5B-49A3-BD5E-7564B4D935CE}.Debug|Any CPU.Build.0 = Debug|Any CPU
		{28147722-EE5B-49A3-BD5E-7564B4D935CE}.Release|Any CPU.ActiveCfg = Release|Any CPU
		{28147722-EE5B-49A3-BD5E-7564B4D935CE}.Release|Any CPU.Build.0 = Release|Any CPU
	EndGlobalSection
	GlobalSection(SolutionProperties) = preSolution
		HideSolutionNode = FALSE
	EndGlobalSection
	GlobalSection(ExtensibilityGlobals) = postSolution
		SolutionGuid = {0B75CCA1-75F9-40B4-B714-F3BBA206CF04}
	EndGlobalSection
EndGlobal
